
Microsoft Visual Studio Solution File, Format Version 12.00
# Visual Studio 14
VisualStudioVersion = 14.0.23107.0
MinimumVisualStudioVersion = 10.0.40219.1
Project("{F2A71F9B-5D33-465A-A702-920D77279786}") = "PluralTypeProvider", "PluralTypeProvider\PluralTypeProvider.fsproj", "{21891571-DBA6-4EA0-85DF-A5EA007F9C46}"
EndProject
Project("{F2A71F9B-5D33-465A-A702-920D77279786}") = "Movie.Data", "Library\Movie.Data.fsproj", "{F6A68AF3-2C22-43FA-89EB-F493798C74FB}"
EndProject
Project("{FAE04EC0-301F-11D3-BF4B-00C04F79EFBC}") = "Movie.Tests", "Movie.Tests\Movie.Tests.csproj", "{4E6370D9-06FD-4CC9-9FA2-EF4359B86EE9}"
EndProject
Project("{FAE04EC0-301F-11D3-BF4B-00C04F79EFBC}") = "Movie.Console", "Movie.Console\Movie.Console.csproj", "{D08B9937-842D-4E12-A879-CC10C019FD84}"
EndProject
Project("{FAE04EC0-301F-11D3-BF4B-00C04F79EFBC}") = "Movies.Web", "Movies.Web\Movies.Web.csproj", "{1A0A5706-1724-4457-9D4D-BB2F869FECD0}"
EndProject
Project("{2150E333-8FDC-42A3-9474-1A3956D46DE8}") = "PublishScripts", "PublishScripts", "{F60852B4-A993-46D6-9A19-B11C23479E66}"
	ProjectSection(SolutionItems) = preProject
		PublishScripts\AzureVMPublishModule.psm1 = PublishScripts\AzureVMPublishModule.psm1
		PublishScripts\Publish-WebApplicationVM.ps1 = PublishScripts\Publish-WebApplicationVM.ps1
	EndProjectSection
EndProject
Project("{2150E333-8FDC-42A3-9474-1A3956D46DE8}") = "Configurations", "Configurations", "{505540F9-C540-4730-B4E3-853E28877AA3}"
	ProjectSection(SolutionItems) = preProject
		PublishScripts\Configurations\MoviesWeb-WAWS-dev.json = PublishScripts\Configurations\MoviesWeb-WAWS-dev.json
	EndProjectSection
EndProject
Global
	GlobalSection(SolutionConfigurationPlatforms) = preSolution
		Debug|Any CPU = Debug|Any CPU
		Release|Any CPU = Release|Any CPU
	EndGlobalSection
	GlobalSection(ProjectConfigurationPlatforms) = postSolution
		{21891571-DBA6-4EA0-85DF-A5EA007F9C46}.Debug|Any CPU.ActiveCfg = Debug|Any CPU
		{21891571-DBA6-4EA0-85DF-A5EA007F9C46}.Debug|Any CPU.Build.0 = Debug|Any CPU
		{21891571-DBA6-4EA0-85DF-A5EA007F9C46}.Release|Any CPU.ActiveCfg = Release|Any CPU
		{21891571-DBA6-4EA0-85DF-A5EA007F9C46}.Release|Any CPU.Build.0 = Release|Any CPU
		{F6A68AF3-2C22-43FA-89EB-F493798C74FB}.Debug|Any CPU.ActiveCfg = Debug|Any CPU
		{F6A68AF3-2C22-43FA-89EB-F493798C74FB}.Debug|Any CPU.Build.0 = Debug|Any CPU
		{F6A68AF3-2C22-43FA-89EB-F493798C74FB}.Release|Any CPU.ActiveCfg = Release|Any CPU
		{F6A68AF3-2C22-43FA-89EB-F493798C74FB}.Release|Any CPU.Build.0 = Release|Any CPU
		{4E6370D9-06FD-4CC9-9FA2-EF4359B86EE9}.Debug|Any CPU.ActiveCfg = Debug|Any CPU
		{4E6370D9-06FD-4CC9-9FA2-EF4359B86EE9}.Debug|Any CPU.Build.0 = Debug|Any CPU
		{4E6370D9-06FD-4CC9-9FA2-EF4359B86EE9}.Release|Any CPU.ActiveCfg = Release|Any CPU
		{4E6370D9-06FD-4CC9-9FA2-EF4359B86EE9}.Release|Any CPU.Build.0 = Release|Any CPU
		{D08B9937-842D-4E12-A879-CC10C019FD84}.Debug|Any CPU.ActiveCfg = Debug|Any CPU
		{D08B9937-842D-4E12-A879-CC10C019FD84}.Debug|Any CPU.Build.0 = Debug|Any CPU
		{D08B9937-842D-4E12-A879-CC10C019FD84}.Release|Any CPU.ActiveCfg = Release|Any CPU
		{D08B9937-842D-4E12-A879-CC10C019FD84}.Release|Any CPU.Build.0 = Release|Any CPU
		{1A0A5706-1724-4457-9D4D-BB2F869FECD0}.Debug|Any CPU.ActiveCfg = Debug|Any CPU
		{1A0A5706-1724-4457-9D4D-BB2F869FECD0}.Debug|Any CPU.Build.0 = Debug|Any CPU
		{1A0A5706-1724-4457-9D4D-BB2F869FECD0}.Release|Any CPU.ActiveCfg = Release|Any CPU
		{1A0A5706-1724-4457-9D4D-BB2F869FECD0}.Release|Any CPU.Build.0 = Release|Any CPU
	EndGlobalSection
	GlobalSection(SolutionProperties) = preSolution
		HideSolutionNode = FALSE
	EndGlobalSection
	GlobalSection(NestedProjects) = preSolution
		{505540F9-C540-4730-B4E3-853E28877AA3} = {F60852B4-A993-46D6-9A19-B11C23479E66}
	EndGlobalSection
EndGlobal
